
Microsoft Visual Studio Solution File, Format Version 11.00
# Visual C# Express 2010
Project("{FAE04EC0-301F-11D3-BF4B-00C04F79EFBC}") = "SearchStringApp", "SearchStringApp\SearchStringApp.csproj", "{F9DEFA17-9580-4B6C-875B-D46B9047D0D8}"
EndProject
Project("{FAE04EC0-301F-11D3-BF4B-00C04F79EFBC}") = "StringSearch", "StringSearch\StringSearch.csproj", "{A3491EE5-3C4E-45B3-B91C-3CEF370B5914}"
EndProject
Project("{FAE04EC0-301F-11D3-BF4B-00C04F79EFBC}") = "PUnitFramework", "PUnitFramework\PUnitFramework.csproj", "{B1356804-9DAC-4A26-B737-E7D6D3A836FA}"
EndProject
Global
	GlobalSection(SolutionConfigurationPlatforms) = preSolution
		Debug|Any CPU = Debug|Any CPU
		Debug|Mixed Platforms = Debug|Mixed Platforms
		Debug|x86 = Debug|x86
		Release|Any CPU = Release|Any CPU
		Release|Mixed Platforms = Release|Mixed Platforms
		Release|x86 = Release|x86
	EndGlobalSection
	GlobalSection(ProjectConfigurationPlatforms) = postSolution
		{F9DEFA17-9580-4B6C-875B-D46B9047D0D8}.Debug|Any CPU.ActiveCfg = Debug|x86
		{F9DEFA17-9580-4B6C-875B-D46B9047D0D8}.Debug|Mixed Platforms.ActiveCfg = Debug|x86
		{F9DEFA17-9580-4B6C-875B-D46B9047D0D8}.Debug|Mixed Platforms.Build.0 = Debug|x86
		{F9DEFA17-9580-4B6C-875B-D46B9047D0D8}.Debug|x86.ActiveCfg = Debug|x86
		{F9DEFA17-9580-4B6C-875B-D46B9047D0D8}.Debug|x86.Build.0 = Debug|x86
		{F9DEFA17-9580-4B6C-875B-D46B9047D0D8}.Release|Any CPU.ActiveCfg = Release|x86
		{F9DEFA17-9580-4B6C-875B-D46B9047D0D8}.Release|Mixed Platforms.ActiveCfg = Release|x86
		{F9DEFA17-9580-4B6C-875B-D46B9047D0D8}.Release|Mixed Platforms.Build.0 = Release|x86
		{F9DEFA17-9580-4B6C-875B-D46B9047D0D8}.Release|x86.ActiveCfg = Release|x86
		{F9DEFA17-9580-4B6C-875B-D46B9047D0D8}.Release|x86.Build.0 = Release|x86
		{A3491EE5-3C4E-45B3-B91C-3CEF370B5914}.Debug|Any CPU.ActiveCfg = Debug|Any CPU
		{A3491EE5-3C4E-45B3-B91C-3CEF370B5914}.Debug|Any CPU.Build.0 = Debug|Any CPU
		{A3491EE5-3C4E-45B3-B91C-3CEF370B5914}.Debug|Mixed Platforms.ActiveCfg = Debug|Any CPU
		{A3491EE5-3C4E-45B3-B91C-3CEF370B5914}.Debug|Mixed Platforms.Build.0 = Debug|Any CPU
		{A3491EE5-3C4E-45B3-B91C-3CEF370B5914}.Debug|x86.ActiveCfg = Debug|Any CPU
		{A3491EE5-3C4E-45B3-B91C-3CEF370B5914}.Release|Any CPU.ActiveCfg = Release|Any CPU
		{A3491EE5-3C4E-45B3-B91C-3CEF370B5914}.Release|Any CPU.Build.0 = Release|Any CPU
		{A3491EE5-3C4E-45B3-B91C-3CEF370B5914}.Release|Mixed Platforms.ActiveCfg = Release|Any CPU
		{A3491EE5-3C4E-45B3-B91C-3CEF370B5914}.Release|Mixed Platforms.Build.0 = Release|Any CPU
		{A3491EE5-3C4E-45B3-B91C-3CEF370B5914}.Release|x86.ActiveCfg = Release|Any CPU
		{B1356804-9DAC-4A26-B737-E7D6D3A836FA}.Debug|Any CPU.ActiveCfg = Debug|Any CPU
		{B1356804-9DAC-4A26-B737-E7D6D3A836FA}.Debug|Any CPU.Build.0 = Debug|Any CPU
		{B1356804-9DAC-4A26-B737-E7D6D3A836FA}.Debug|Mixed Platforms.ActiveCfg = Debug|Any CPU
		{B1356804-9DAC-4A26-B737-E7D6D3A836FA}.Debug|Mixed Platforms.Build.0 = Debug|Any CPU
		{B1356804-9DAC-4A26-B737-E7D6D3A836FA}.Debug|x86.ActiveCfg = Debug|Any CPU
		{B1356804-9DAC-4A26-B737-E7D6D3A836FA}.Release|Any CPU.ActiveCfg = Release|Any CPU
		{B1356804-9DAC-4A26-B737-E7D6D3A836FA}.Release|Any CPU.Build.0 = Release|Any CPU
		{B1356804-9DAC-4A26-B737-E7D6D3A836FA}.Release|Mixed Platforms.ActiveCfg = Release|Any CPU
		{B1356804-9DAC-4A26-B737-E7D6D3A836FA}.Release|Mixed Platforms.Build.0 = Release|Any CPU
		{B1356804-9DAC-4A26-B737-E7D6D3A836FA}.Release|x86.ActiveCfg = Release|Any CPU
	EndGlobalSection
	GlobalSection(SolutionProperties) = preSolution
		HideSolutionNode = FALSE
	EndGlobalSection
EndGlobal
